
Microsoft Visual Studio Solution File, Format Version 12.00
# Visual Studio Version 16
VisualStudioVersion = 16.0.31424.327
MinimumVisualStudioVersion = 10.0.40219.1
Project("{9A19103F-16F7-4668-BE54-9A1E7A4F7556}") = "PageObject", "PageObject\PageObject.csproj", "{B2F45945-CE51-4F0D-B0C5-2B1DC5594FAD}"
EndProject
Project("{9A19103F-16F7-4668-BE54-9A1E7A4F7556}") = "SpecFlowProject.Specs", "SpecFlowProject.Specs\SpecFlowProject.Specs.csproj", "{2CBF3498-DDE9-4D4A-A5EE-1B48AA80779E}"
EndProject
Project("{9A19103F-16F7-4668-BE54-9A1E7A4F7556}") = "AutomationFramework", "AutomationFramework\AutomationFramework.csproj", "{7690DA1F-EEBB-4596-95D3-0C9A1F7EBA01}"
EndProject
Project("{9A19103F-16F7-4668-BE54-9A1E7A4F7556}") = "Models", "Models\Models.csproj", "{7FB81716-203A-40C7-948A-D2CB6B9657E3}"
EndProject
Global
	GlobalSection(SolutionConfigurationPlatforms) = preSolution
		Debug|Any CPU = Debug|Any CPU
		Release|Any CPU = Release|Any CPU
	EndGlobalSection
	GlobalSection(ProjectConfigurationPlatforms) = postSolution
		{B2F45945-CE51-4F0D-B0C5-2B1DC5594FAD}.Debug|Any CPU.ActiveCfg = Debug|Any CPU
		{B2F45945-CE51-4F0D-B0C5-2B1DC5594FAD}.Debug|Any CPU.Build.0 = Debug|Any CPU
		{B2F45945-CE51-4F0D-B0C5-2B1DC5594FAD}.Release|Any CPU.ActiveCfg = Release|Any CPU
		{B2F45945-CE51-4F0D-B0C5-2B1DC5594FAD}.Release|Any CPU.Build.0 = Release|Any CPU
		{2CBF3498-DDE9-4D4A-A5EE-1B48AA80779E}.Debug|Any CPU.ActiveCfg = Debug|Any CPU
		{2CBF3498-DDE9-4D4A-A5EE-1B48AA80779E}.Debug|Any CPU.Build.0 = Debug|Any CPU
		{2CBF3498-DDE9-4D4A-A5EE-1B48AA80779E}.Release|Any CPU.ActiveCfg = Release|Any CPU
		{2CBF3498-DDE9-4D4A-A5EE-1B48AA80779E}.Release|Any CPU.Build.0 = Release|Any CPU
		{7690DA1F-EEBB-4596-95D3-0C9A1F7EBA01}.Debug|Any CPU.ActiveCfg = Debug|Any CPU
		{7690DA1F-EEBB-4596-95D3-0C9A1F7EBA01}.Debug|Any CPU.Build.0 = Debug|Any CPU
		{7690DA1F-EEBB-4596-95D3-0C9A1F7EBA01}.Release|Any CPU.ActiveCfg = Release|Any CPU
		{7690DA1F-EEBB-4596-95D3-0C9A1F7EBA01}.Release|Any CPU.Build.0 = Release|Any CPU
		{7FB81716-203A-40C7-948A-D2CB6B9657E3}.Debug|Any CPU.ActiveCfg = Debug|Any CPU
		{7FB81716-203A-40C7-948A-D2CB6B9657E3}.Debug|Any CPU.Build.0 = Debug|Any CPU
		{7FB81716-203A-40C7-948A-D2CB6B9657E3}.Release|Any CPU.ActiveCfg = Release|Any CPU
		{7FB81716-203A-40C7-948A-D2CB6B9657E3}.Release|Any CPU.Build.0 = Release|Any CPU
	EndGlobalSection
	GlobalSection(SolutionProperties) = preSolution
		HideSolutionNode = FALSE
	EndGlobalSection
	GlobalSection(ExtensibilityGlobals) = postSolution
		SolutionGuid = {EEABFD52-7833-45C0-A583-60FE46A915E4}
	EndGlobalSection
EndGlobal
